
Microsoft Visual Studio Solution File, Format Version 12.00
# Visual Studio 15
VisualStudioVersion = 15.0.28307.136
MinimumVisualStudioVersion = 10.0.40219.1
Project("{8BC9CEB8-8B4A-11D0-8D11-00A0C91BC942}") = "Lesson01-HelloSdl", "Lesson01-HelloSdl\Lesson01-HelloSdl.vcxproj", "{83CE1880-FE57-4407-A4A7-8690493AE50D}"
EndProject
Project("{8BC9CEB8-8B4A-11D0-8D11-00A0C91BC942}") = "Lesson02-GettingAnImageOnTheScreen", "Lesson02-GettingAnImageOnTheScreen\Lesson02-GettingAnImageOnTheScreen.vcxproj", "{7310AF55-3F8A-4C48-903F-E56962247FC5}"
EndProject
Project("{8BC9CEB8-8B4A-11D0-8D11-00A0C91BC942}") = "Lesson03-EventDrivenProgramming", "Lesson03-EventDrivenProgramming\Lesson03-EventDrivenProgramming.vcxproj", "{500AB41B-B60B-43C6-A5CB-3B69B604B4DB}"
EndProject
Project("{8BC9CEB8-8B4A-11D0-8D11-00A0C91BC942}") = "Lesson04-KeyPress", "Lesson04-KeyPress\Lesson04-KeyPress.vcxproj", "{026E75E6-D4A7-493A-A190-8986DE098826}"
EndProject
Project("{8BC9CEB8-8B4A-11D0-8D11-00A0C91BC942}") = "Lesson05-SurfaceLoadingAndSoftStretching", "Lesson05-SurfaceLoadingAndSoftStretching\Lesson05-SurfaceLoadingAndSoftStretching.vcxproj", "{8CAA240B-97FC-4D8E-A36B-C717201DA4C6}"
EndProject
Project("{8BC9CEB8-8B4A-11D0-8D11-00A0C91BC942}") = "Lesson06-ExtensionLibrariesAndLoadingOtherImageFormats", "Lesson06-ExtensionLibrariesAndLoadingOtherImageFormats\Lesson06-ExtensionLibrariesAndLoadingOtherImageFormats.vcxproj", "{C02140D0-3438-4CCA-B5D2-6D188BB6015E}"
EndProject
Project("{8BC9CEB8-8B4A-11D0-8D11-00A0C91BC942}") = "Lesson07-TextureLoadingAndRendering", "Lesson07-TextureLoadingAndRendering\Lesson07-TextureLoadingAndRendering.vcxproj", "{51E25CCF-6FF4-4DEE-BDB5-20D035BA9576}"
EndProject
Project("{8BC9CEB8-8B4A-11D0-8D11-00A0C91BC942}") = "Lesson08-GeometryRendering", "Lesson08-GeometryRendering\Lesson08-GeometryRendering.vcxproj", "{BFF35C5B-D3FA-4F16-8B0F-D8E7345F5384}"
EndProject
Project("{8BC9CEB8-8B4A-11D0-8D11-00A0C91BC942}") = "Lesson09-TheViewport", "Lesson09-TheViewport\Lesson09-TheViewport.vcxproj", "{565A5920-12B1-4679-9F7A-74CA723D26DB}"
EndProject
Project("{8BC9CEB8-8B4A-11D0-8D11-00A0C91BC942}") = "Lesson10-ColorKeying", "Lesson10-ColorKeying\Lesson10-ColorKeying.vcxproj", "{CB314862-6C9B-4320-9CF0-EF37FF36CE7F}"
EndProject
Project("{8BC9CEB8-8B4A-11D0-8D11-00A0C91BC942}") = "Lesson11-ClipRenderingAndStyleSheets", "Lesson11-ClipRenderingAndStyleSheets\Lesson11-ClipRenderingAndStyleSheets.vcxproj", "{62A3FAFD-CE9A-4725-84CA-DDD919FF0C91}"
EndProject
Project("{8BC9CEB8-8B4A-11D0-8D11-00A0C91BC942}") = "Lesson12-ColorModulation", "Lesson12-ColorModulation\Lesson12-ColorModulation.vcxproj", "{02E8F4FC-3A3A-4E46-9567-D99FE787CF1A}"
EndProject
Global
	GlobalSection(SolutionConfigurationPlatforms) = preSolution
		Debug|x64 = Debug|x64
		Debug|x86 = Debug|x86
		Release|x64 = Release|x64
		Release|x86 = Release|x86
	EndGlobalSection
	GlobalSection(ProjectConfigurationPlatforms) = postSolution
		{83CE1880-FE57-4407-A4A7-8690493AE50D}.Debug|x64.ActiveCfg = Debug|x64
		{83CE1880-FE57-4407-A4A7-8690493AE50D}.Debug|x64.Build.0 = Debug|x64
		{83CE1880-FE57-4407-A4A7-8690493AE50D}.Debug|x86.ActiveCfg = Debug|Win32
		{83CE1880-FE57-4407-A4A7-8690493AE50D}.Debug|x86.Build.0 = Debug|Win32
		{83CE1880-FE57-4407-A4A7-8690493AE50D}.Release|x64.ActiveCfg = Release|x64
		{83CE1880-FE57-4407-A4A7-8690493AE50D}.Release|x64.Build.0 = Release|x64
		{83CE1880-FE57-4407-A4A7-8690493AE50D}.Release|x86.ActiveCfg = Release|Win32
		{83CE1880-FE57-4407-A4A7-8690493AE50D}.Release|x86.Build.0 = Release|Win32
		{7310AF55-3F8A-4C48-903F-E56962247FC5}.Debug|x64.ActiveCfg = Debug|x64
		{7310AF55-3F8A-4C48-903F-E56962247FC5}.Debug|x64.Build.0 = Debug|x64
		{7310AF55-3F8A-4C48-903F-E56962247FC5}.Debug|x86.ActiveCfg = Debug|Win32
		{7310AF55-3F8A-4C48-903F-E56962247FC5}.Debug|x86.Build.0 = Debug|Win32
		{7310AF55-3F8A-4C48-903F-E56962247FC5}.Release|x64.ActiveCfg = Release|x64
		{7310AF55-3F8A-4C48-903F-E56962247FC5}.Release|x64.Build.0 = Release|x64
		{7310AF55-3F8A-4C48-903F-E56962247FC5}.Release|x86.ActiveCfg = Release|Win32
		{7310AF55-3F8A-4C48-903F-E56962247FC5}.Release|x86.Build.0 = Release|Win32
		{500AB41B-B60B-43C6-A5CB-3B69B604B4DB}.Debug|x64.ActiveCfg = Debug|x64
		{500AB41B-B60B-43C6-A5CB-3B69B604B4DB}.Debug|x64.Build.0 = Debug|x64
		{500AB41B-B60B-43C6-A5CB-3B69B604B4DB}.Debug|x86.ActiveCfg = Debug|Win32
		{500AB41B-B60B-43C6-A5CB-3B69B604B4DB}.Debug|x86.Build.0 = Debug|Win32
		{500AB41B-B60B-43C6-A5CB-3B69B604B4DB}.Release|x64.ActiveCfg = Release|x64
		{500AB41B-B60B-43C6-A5CB-3B69B604B4DB}.Release|x64.Build.0 = Release|x64
		{500AB41B-B60B-43C6-A5CB-3B69B604B4DB}.Release|x86.ActiveCfg = Release|Win32
		{500AB41B-B60B-43C6-A5CB-3B69B604B4DB}.Release|x86.Build.0 = Release|Win32
		{026E75E6-D4A7-493A-A190-8986DE098826}.Debug|x64.ActiveCfg = Debug|x64
		{026E75E6-D4A7-493A-A190-8986DE098826}.Debug|x64.Build.0 = Debug|x64
		{026E75E6-D4A7-493A-A190-8986DE098826}.Debug|x86.ActiveCfg = Debug|Win32
		{026E75E6-D4A7-493A-A190-8986DE098826}.Debug|x86.Build.0 = Debug|Win32
		{026E75E6-D4A7-493A-A190-8986DE098826}.Release|x64.ActiveCfg = Release|x64
		{026E75E6-D4A7-493A-A190-8986DE098826}.Release|x64.Build.0 = Release|x64
		{026E75E6-D4A7-493A-A190-8986DE098826}.Release|x86.ActiveCfg = Release|Win32
		{026E75E6-D4A7-493A-A190-8986DE098826}.Release|x86.Build.0 = Release|Win32
		{8CAA240B-97FC-4D8E-A36B-C717201DA4C6}.Debug|x64.ActiveCfg = Debug|x64
		{8CAA240B-97FC-4D8E-A36B-C717201DA4C6}.Debug|x64.Build.0 = Debug|x64
		{8CAA240B-97FC-4D8E-A36B-C717201DA4C6}.Debug|x86.ActiveCfg = Debug|Win32
		{8CAA240B-97FC-4D8E-A36B-C717201DA4C6}.Debug|x86.Build.0 = Debug|Win32
		{8CAA240B-97FC-4D8E-A36B-C717201DA4C6}.Release|x64.ActiveCfg = Release|x64
		{8CAA240B-97FC-4D8E-A36B-C717201DA4C6}.Release|x64.Build.0 = Release|x64
		{8CAA240B-97FC-4D8E-A36B-C717201DA4C6}.Release|x86.ActiveCfg = Release|Win32
		{8CAA240B-97FC-4D8E-A36B-C717201DA4C6}.Release|x86.Build.0 = Release|Win32
		{C02140D0-3438-4CCA-B5D2-6D188BB6015E}.Debug|x64.ActiveCfg = Debug|x64
		{C02140D0-3438-4CCA-B5D2-6D188BB6015E}.Debug|x64.Build.0 = Debug|x64
		{C02140D0-3438-4CCA-B5D2-6D188BB6015E}.Debug|x86.ActiveCfg = Debug|Win32
		{C02140D0-3438-4CCA-B5D2-6D188BB6015E}.Debug|x86.Build.0 = Debug|Win32
		{C02140D0-3438-4CCA-B5D2-6D188BB6015E}.Release|x64.ActiveCfg = Release|x64
		{C02140D0-3438-4CCA-B5D2-6D188BB6015E}.Release|x64.Build.0 = Release|x64
		{C02140D0-3438-4CCA-B5D2-6D188BB6015E}.Release|x86.ActiveCfg = Release|Win32
		{C02140D0-3438-4CCA-B5D2-6D188BB6015E}.Release|x86.Build.0 = Release|Win32
		{51E25CCF-6FF4-4DEE-BDB5-20D035BA9576}.Debug|x64.ActiveCfg = Debug|x64
		{51E25CCF-6FF4-4DEE-BDB5-20D035BA9576}.Debug|x64.Build.0 = Debug|x64
		{51E25CCF-6FF4-4DEE-BDB5-20D035BA9576}.Debug|x86.ActiveCfg = Debug|Win32
		{51E25CCF-6FF4-4DEE-BDB5-20D035BA9576}.Debug|x86.Build.0 = Debug|Win32
		{51E25CCF-6FF4-4DEE-BDB5-20D035BA9576}.Release|x64.ActiveCfg = Release|x64
		{51E25CCF-6FF4-4DEE-BDB5-20D035BA9576}.Release|x64.Build.0 = Release|x64
		{51E25CCF-6FF4-4DEE-BDB5-20D035BA9576}.Release|x86.ActiveCfg = Release|Win32
		{51E25CCF-6FF4-4DEE-BDB5-20D035BA9576}.Release|x86.Build.0 = Release|Win32
		{BFF35C5B-D3FA-4F16-8B0F-D8E7345F5384}.Debug|x64.ActiveCfg = Debug|x64
		{BFF35C5B-D3FA-4F16-8B0F-D8E7345F5384}.Debug|x64.Build.0 = Debug|x64
		{BFF35C5B-D3FA-4F16-8B0F-D8E7345F5384}.Debug|x86.ActiveCfg = Debug|Win32
		{BFF35C5B-D3FA-4F16-8B0F-D8E7345F5384}.Debug|x86.Build.0 = Debug|Win32
		{BFF35C5B-D3FA-4F16-8B0F-D8E7345F5384}.Release|x64.ActiveCfg = Release|x64
		{BFF35C5B-D3FA-4F16-8B0F-D8E7345F5384}.Release|x64.Build.0 = Release|x64
		{BFF35C5B-D3FA-4F16-8B0F-D8E7345F5384}.Release|x86.ActiveCfg = Release|Win32
		{BFF35C5B-D3FA-4F16-8B0F-D8E7345F5384}.Release|x86.Build.0 = Release|Win32
		{565A5920-12B1-4679-9F7A-74CA723D26DB}.Debug|x64.ActiveCfg = Debug|x64
		{565A5920-12B1-4679-9F7A-74CA723D26DB}.Debug|x64.Build.0 = Debug|x64
		{565A5920-12B1-4679-9F7A-74CA723D26DB}.Debug|x86.ActiveCfg = Debug|Win32
		{565A5920-12B1-4679-9F7A-74CA723D26DB}.Debug|x86.Build.0 = Debug|Win32
		{565A5920-12B1-4679-9F7A-74CA723D26DB}.Release|x64.ActiveCfg = Release|x64
		{565A5920-12B1-4679-9F7A-74CA723D26DB}.Release|x64.Build.0 = Release|x64
		{565A5920-12B1-4679-9F7A-74CA723D26DB}.Release|x86.ActiveCfg = Release|Win32
		{565A5920-12B1-4679-9F7A-74CA723D26DB}.Release|x86.Build.0 = Release|Win32
		{CB314862-6C9B-4320-9CF0-EF37FF36CE7F}.Debug|x64.ActiveCfg = Debug|x64
		{CB314862-6C9B-4320-9CF0-EF37FF36CE7F}.Debug|x64.Build.0 = Debug|x64
		{CB314862-6C9B-4320-9CF0-EF37FF36CE7F}.Debug|x86.ActiveCfg = Debug|Win32
		{CB314862-6C9B-4320-9CF0-EF37FF36CE7F}.Debug|x86.Build.0 = Debug|Win32
		{CB314862-6C9B-4320-9CF0-EF37FF36CE7F}.Release|x64.ActiveCfg = Release|x64
		{CB314862-6C9B-4320-9CF0-EF37FF36CE7F}.Release|x64.Build.0 = Release|x64
		{CB314862-6C9B-4320-9CF0-EF37FF36CE7F}.Release|x86.ActiveCfg = Release|Win32
		{CB314862-6C9B-4320-9CF0-EF37FF36CE7F}.Release|x86.Build.0 = Release|Win32
		{62A3FAFD-CE9A-4725-84CA-DDD919FF0C91}.Debug|x64.ActiveCfg = Debug|x64
		{62A3FAFD-CE9A-4725-84CA-DDD919FF0C91}.Debug|x64.Build.0 = Debug|x64
		{62A3FAFD-CE9A-4725-84CA-DDD919FF0C91}.Debug|x86.ActiveCfg = Debug|Win32
		{62A3FAFD-CE9A-4725-84CA-DDD919FF0C91}.Debug|x86.Build.0 = Debug|Win32
		{62A3FAFD-CE9A-4725-84CA-DDD919FF0C91}.Release|x64.ActiveCfg = Release|x64
		{62A3FAFD-CE9A-4725-84CA-DDD919FF0C91}.Release|x64.Build.0 = Release|x64
		{62A3FAFD-CE9A-4725-84CA-DDD919FF0C91}.Release|x86.ActiveCfg = Release|Win32
		{62A3FAFD-CE9A-4725-84CA-DDD919FF0C91}.Release|x86.Build.0 = Release|Win32
		{02E8F4FC-3A3A-4E46-9567-D99FE787CF1A}.Debug|x64.ActiveCfg = Debug|x64
		{02E8F4FC-3A3A-4E46-9567-D99FE787CF1A}.Debug|x64.Build.0 = Debug|x64
		{02E8F4FC-3A3A-4E46-9567-D99FE787CF1A}.Debug|x86.ActiveCfg = Debug|Win32
		{02E8F4FC-3A3A-4E46-9567-D99FE787CF1A}.Debug|x86.Build.0 = Debug|Win32
		{02E8F4FC-3A3A-4E46-9567-D99FE787CF1A}.Release|x64.ActiveCfg = Release|x64
		{02E8F4FC-3A3A-4E46-9567-D99FE787CF1A}.Release|x64.Build.0 = Release|x64
		{02E8F4FC-3A3A-4E46-9567-D99FE787CF1A}.Release|x86.ActiveCfg = Release|Win32
		{02E8F4FC-3A3A-4E46-9567-D99FE787CF1A}.Release|x86.Build.0 = Release|Win32
	EndGlobalSection
	GlobalSection(SolutionProperties) = preSolution
		HideSolutionNode = FALSE
	EndGlobalSection
	GlobalSection(ExtensibilityGlobals) = postSolution
		SolutionGuid = {A8192E20-0E1D-4565-9E9C-939A4A44F966}
	EndGlobalSection
EndGlobal
